
Microsoft Visual Studio Solution File, Format Version 12.00
# Visual Studio Version 17
VisualStudioVersion = 17.3.32901.215
MinimumVisualStudioVersion = 10.0.40219.1
Project("{FAE04EC0-301F-11D3-BF4B-00C04F79EFBC}") = "ежедневник", "ежедневник\ежедневник.csproj", "{4F9091E2-B71F-4CC0-A627-9D275C152AAA}"
EndProject
Global
	GlobalSection(SolutionConfigurationPlatforms) = preSolution
		Debug|Any CPU = Debug|Any CPU
		Release|Any CPU = Release|Any CPU
	EndGlobalSection
	GlobalSection(ProjectConfigurationPlatforms) = postSolution
		{4F9091E2-B71F-4CC0-A627-9D275C152AAA}.Debug|Any CPU.ActiveCfg = Debug|Any CPU
		{4F9091E2-B71F-4CC0-A627-9D275C152AAA}.Debug|Any CPU.Build.0 = Debug|Any CPU
		{4F9091E2-B71F-4CC0-A627-9D275C152AAA}.Release|Any CPU.ActiveCfg = Release|Any CPU
		{4F9091E2-B71F-4CC0-A627-9D275C152AAA}.Release|Any CPU.Build.0 = Release|Any CPU
	EndGlobalSection
	GlobalSection(SolutionProperties) = preSolution
		HideSolutionNode = FALSE
	EndGlobalSection
	GlobalSection(ExtensibilityGlobals) = postSolution
		SolutionGuid = {393283C0-F3B8-4502-80FB-CBDD1B996CED}
	EndGlobalSection
EndGlobal
